
Microsoft Visual Studio Solution File, Format Version 12.00
# Visual Studio 2017
Project("{FAE04EC0-301F-11D3-BF4B-00C04F79EFBC}") = "pucrs-unity3d-pool-master", "pucrs-unity3d-pool-master.csproj", "{4A36660F-5387-16D0-4505-E48087927DC7}"
EndProject
Project("{FAE04EC0-301F-11D3-BF4B-00C04F79EFBC}") = "pucrs-unity3d-pool-master.Editor", "pucrs-unity3d-pool-master.Editor.csproj", "{17B59E54-3F6C-EF2A-BB8B-3B7523F65454}"
EndProject
Global
	GlobalSection(SolutionConfigurationPlatforms) = preSolution
		Debug|Any CPU = Debug|Any CPU
		Release|Any CPU = Release|Any CPU
	EndGlobalSection
	GlobalSection(ProjectConfigurationPlatforms) = postSolution
		{4A36660F-5387-16D0-4505-E48087927DC7}.Debug|Any CPU.ActiveCfg = Debug|Any CPU
		{4A36660F-5387-16D0-4505-E48087927DC7}.Debug|Any CPU.Build.0 = Debug|Any CPU
		{4A36660F-5387-16D0-4505-E48087927DC7}.Release|Any CPU.ActiveCfg = Release|Any CPU
		{4A36660F-5387-16D0-4505-E48087927DC7}.Release|Any CPU.Build.0 = Release|Any CPU
		{17B59E54-3F6C-EF2A-BB8B-3B7523F65454}.Debug|Any CPU.ActiveCfg = Debug|Any CPU
		{17B59E54-3F6C-EF2A-BB8B-3B7523F65454}.Debug|Any CPU.Build.0 = Debug|Any CPU
		{17B59E54-3F6C-EF2A-BB8B-3B7523F65454}.Release|Any CPU.ActiveCfg = Release|Any CPU
		{17B59E54-3F6C-EF2A-BB8B-3B7523F65454}.Release|Any CPU.Build.0 = Release|Any CPU
	EndGlobalSection
	GlobalSection(SolutionProperties) = preSolution
		HideSolutionNode = FALSE
	EndGlobalSection
EndGlobal
